
Microsoft Visual Studio Solution File, Format Version 12.00
# Visual Studio 15
Project("{FAE04EC0-301F-11D3-BF4B-00C04F79EFBC}") = "Assembly-CSharp", "Assembly-CSharp.csproj", "{34308524-4CE3-91EA-84BD-DDDCC6CBC5AA}"
EndProject
Project("{FAE04EC0-301F-11D3-BF4B-00C04F79EFBC}") = "Assembly-CSharp-firstpass", "Assembly-CSharp-firstpass.csproj", "{590A5E36-2BF4-8176-0B53-99BC039BC209}"
EndProject
Project("{FAE04EC0-301F-11D3-BF4B-00C04F79EFBC}") = "Assembly-CSharp-Editor", "Assembly-CSharp-Editor.csproj", "{C6DFC323-8D55-3A0E-88C8-73F3FFA0751D}"
EndProject
Global
	GlobalSection(SolutionConfigurationPlatforms) = preSolution
		Debug|Any CPU = Debug|Any CPU
		Release|Any CPU = Release|Any CPU
	EndGlobalSection
	GlobalSection(ProjectConfigurationPlatforms) = postSolution
		{34308524-4CE3-91EA-84BD-DDDCC6CBC5AA}.Debug|Any CPU.ActiveCfg = Debug|Any CPU
		{34308524-4CE3-91EA-84BD-DDDCC6CBC5AA}.Debug|Any CPU.Build.0 = Debug|Any CPU
		{34308524-4CE3-91EA-84BD-DDDCC6CBC5AA}.Release|Any CPU.ActiveCfg = Release|Any CPU
		{34308524-4CE3-91EA-84BD-DDDCC6CBC5AA}.Release|Any CPU.Build.0 = Release|Any CPU
		{590A5E36-2BF4-8176-0B53-99BC039BC209}.Debug|Any CPU.ActiveCfg = Debug|Any CPU
		{590A5E36-2BF4-8176-0B53-99BC039BC209}.Debug|Any CPU.Build.0 = Debug|Any CPU
		{590A5E36-2BF4-8176-0B53-99BC039BC209}.Release|Any CPU.ActiveCfg = Release|Any CPU
		{590A5E36-2BF4-8176-0B53-99BC039BC209}.Release|Any CPU.Build.0 = Release|Any CPU
		{C6DFC323-8D55-3A0E-88C8-73F3FFA0751D}.Debug|Any CPU.ActiveCfg = Debug|Any CPU
		{C6DFC323-8D55-3A0E-88C8-73F3FFA0751D}.Debug|Any CPU.Build.0 = Debug|Any CPU
		{C6DFC323-8D55-3A0E-88C8-73F3FFA0751D}.Release|Any CPU.ActiveCfg = Release|Any CPU
		{C6DFC323-8D55-3A0E-88C8-73F3FFA0751D}.Release|Any CPU.Build.0 = Release|Any CPU
	EndGlobalSection
	GlobalSection(SolutionProperties) = preSolution
		HideSolutionNode = FALSE
	EndGlobalSection
EndGlobal
